
Microsoft Visual Studio Solution File, Format Version 12.00
# Visual Studio Version 17
VisualStudioVersion = 17.8.34330.188
MinimumVisualStudioVersion = 10.0.40219.1
Project("{FAE04EC0-301F-11D3-BF4B-00C04F79EFBC}") = "dotnetSreaching", "dotnetSreaching\dotnetSreaching.csproj", "{3B93336B-5C39-43A5-A61C-FB92A12DE73B}"
EndProject
Global
	GlobalSection(SolutionConfigurationPlatforms) = preSolution
		Debug|Any CPU = Debug|Any CPU
		Release|Any CPU = Release|Any CPU
	EndGlobalSection
	GlobalSection(ProjectConfigurationPlatforms) = postSolution
		{3B93336B-5C39-43A5-A61C-FB92A12DE73B}.Debug|Any CPU.ActiveCfg = Debug|Any CPU
		{3B93336B-5C39-43A5-A61C-FB92A12DE73B}.Debug|Any CPU.Build.0 = Debug|Any CPU
		{3B93336B-5C39-43A5-A61C-FB92A12DE73B}.Release|Any CPU.ActiveCfg = Release|Any CPU
		{3B93336B-5C39-43A5-A61C-FB92A12DE73B}.Release|Any CPU.Build.0 = Release|Any CPU
	EndGlobalSection
	GlobalSection(SolutionProperties) = preSolution
		HideSolutionNode = FALSE
	EndGlobalSection
	GlobalSection(ExtensibilityGlobals) = postSolution
		SolutionGuid = {B80DE204-2CDD-4624-B537-F54467CA28F5}
	EndGlobalSection
EndGlobal
